
Microsoft Visual Studio Solution File, Format Version 12.00
# Visual Studio Version 17
VisualStudioVersion = 17.3.32819.101
MinimumVisualStudioVersion = 10.0.40219.1
Project("{FAE04EC0-301F-11D3-BF4B-00C04F79EFBC}") = "Abstraction", "Abstraction.csproj", "{89A752CE-1016-4E6E-9747-9B35E946FF7E}"
EndProject
Global
	GlobalSection(SolutionConfigurationPlatforms) = preSolution
		Debug|Any CPU = Debug|Any CPU
		Release|Any CPU = Release|Any CPU
	EndGlobalSection
	GlobalSection(ProjectConfigurationPlatforms) = postSolution
		{89A752CE-1016-4E6E-9747-9B35E946FF7E}.Debug|Any CPU.ActiveCfg = Debug|Any CPU
		{89A752CE-1016-4E6E-9747-9B35E946FF7E}.Debug|Any CPU.Build.0 = Debug|Any CPU
		{89A752CE-1016-4E6E-9747-9B35E946FF7E}.Release|Any CPU.ActiveCfg = Release|Any CPU
		{89A752CE-1016-4E6E-9747-9B35E946FF7E}.Release|Any CPU.Build.0 = Release|Any CPU
	EndGlobalSection
	GlobalSection(SolutionProperties) = preSolution
		HideSolutionNode = FALSE
	EndGlobalSection
	GlobalSection(ExtensibilityGlobals) = postSolution
		SolutionGuid = {A4AA8321-905C-406E-B8A0-0F2FD475D08B}
	EndGlobalSection
EndGlobal
